
Microsoft Visual Studio Solution File, Format Version 12.00
# Visual Studio Version 16
VisualStudioVersion = 16.0.32929.386
MinimumVisualStudioVersion = 10.0.40219.1
Project("{FAE04EC0-301F-11D3-BF4B-00C04F79EFBC}") = "test", "test\test.csproj", "{DA11CA54-72CF-48CB-9031-44234175B939}"
EndProject
Global
	GlobalSection(SolutionConfigurationPlatforms) = preSolution
		Debug|Any CPU = Debug|Any CPU
		Release|Any CPU = Release|Any CPU
	EndGlobalSection
	GlobalSection(ProjectConfigurationPlatforms) = postSolution
		{DA11CA54-72CF-48CB-9031-44234175B939}.Debug|Any CPU.ActiveCfg = Debug|Any CPU
		{DA11CA54-72CF-48CB-9031-44234175B939}.Debug|Any CPU.Build.0 = Debug|Any CPU
		{DA11CA54-72CF-48CB-9031-44234175B939}.Release|Any CPU.ActiveCfg = Release|Any CPU
		{DA11CA54-72CF-48CB-9031-44234175B939}.Release|Any CPU.Build.0 = Release|Any CPU
	EndGlobalSection
	GlobalSection(SolutionProperties) = preSolution
		HideSolutionNode = FALSE
	EndGlobalSection
	GlobalSection(ExtensibilityGlobals) = postSolution
		SolutionGuid = {896B9C62-3584-4862-97FF-DAD63273DE1F}
	EndGlobalSection
EndGlobal
